// !$*UTF8*$!
{
	archiveVersion = 1;
	classes = {
	};
	objectVersion = 46;
	objects = {

/* Begin PBXBuildFile section */
		6463DD1217170036005E224B /* Cocoa.framework in Frameworks */ = {isa = PBXBuildFile; fileRef = 6463DD1117170036005E224B /* Cocoa.framework */; };
		6463DD1C17170036005E224B /* InfoPlist.strings in Resources */ = {isa = PBXBuildFile; fileRef = 6463DD1A17170036005E224B /* InfoPlist.strings */; };
		6463DD1E17170036005E224B /* main.m in Sources */ = {isa = PBXBuildFile; fileRef = 6463DD1D17170036005E224B /* main.m */; };
		6463DD2217170036005E224B /* Credits.rtf in Resources */ = {isa = PBXBuildFile; fileRef = 6463DD2017170036005E224B /* Credits.rtf */; };
		6463DD2517170036005E224B /* MovobiAppDelegate.m in Sources */ = {isa = PBXBuildFile; fileRef = 6463DD2417170036005E224B /* MovobiAppDelegate.m */; };
		6463DD2817170036005E224B /* MainMenu.xib in Resources */ = {isa = PBXBuildFile; fileRef = 6463DD2617170036005E224B /* MainMenu.xib */; };
		6463DD42171705C3005E224B /* Movobi.xcdatamodeld in Sources */ = {isa = PBXBuildFile; fileRef = 6463DD40171705C3005E224B /* Movobi.xcdatamodeld */; };
		6463DD4817170BB6005E224B /* MovobiImageTransformer.m in Sources */ = {isa = PBXBuildFile; fileRef = 6463DD4717170BB6005E224B /* MovobiImageTransformer.m */; };
		6463DD4F171726BA005E224B /* MovobiMasterViewController.m in Sources */ = {isa = PBXBuildFile; fileRef = 6463DD4D171726BA005E224B /* MovobiMasterViewController.m */; };
		6463DD50171726BA005E224B /* MovobiMasterViewController.xib in Resources */ = {isa = PBXBuildFile; fileRef = 6463DD4E171726BA005E224B /* MovobiMasterViewController.xib */; };
		6463DD8417186AA6005E224B /* QuartzCore.framework in Frameworks */ = {isa = PBXBuildFile; fileRef = 6463DD8317186AA6005E224B /* QuartzCore.framework */; };
		6463DD871718925C005E224B /* cr.png in Resources */ = {isa = PBXBuildFile; fileRef = 6463DD851718925C005E224B /* cr.png */; };
		64730B58171AE78F00B73566 /* NSNumberTransformer.m in Sources */ = {isa = PBXBuildFile; fileRef = 64730B57171AE78F00B73566 /* NSNumberTransformer.m */; };
		64730B65171B31BC00B73566 /* MovobiScreenImageView.m in Sources */ = {isa = PBXBuildFile; fileRef = 64730B64171B31BC00B73566 /* MovobiScreenImageView.m */; };
		647A6547172715830081E62C /* MOProp.m in Sources */ = {isa = PBXBuildFile; fileRef = 647A6546172715830081E62C /* MOProp.m */; };
		647A6559172882470081E62C /* NSPanelCanBecomeKey.m in Sources */ = {isa = PBXBuildFile; fileRef = 647A6558172882470081E62C /* NSPanelCanBecomeKey.m */; };
		647A655C1729C24C0081E62C /* Film.m in Sources */ = {isa = PBXBuildFile; fileRef = 647A655B1729C24C0081E62C /* Film.m */; };
		647A655F1729C2620081E62C /* MOActor.m in Sources */ = {isa = PBXBuildFile; fileRef = 647A655E1729C2620081E62C /* MOActor.m */; };
		647A65651729C27F0081E62C /* MOCharacter.m in Sources */ = {isa = PBXBuildFile; fileRef = 647A65641729C27E0081E62C /* MOCharacter.m */; };
		647A65681729C28C0081E62C /* MOLocation.m in Sources */ = {isa = PBXBuildFile; fileRef = 647A65671729C28C0081E62C /* MOLocation.m */; };
		647A656B1729C29D0081E62C /* Screen.m in Sources */ = {isa = PBXBuildFile; fileRef = 647A656A1729C29C0081E62C /* Screen.m */; };
		647A656E1729C2AA0081E62C /* Tag.m in Sources */ = {isa = PBXBuildFile; fileRef = 647A656D1729C2AA0081E62C /* Tag.m */; };
		647A6577172A9F570081E62C /* MObject.m in Sources */ = {isa = PBXBuildFile; fileRef = 647A6576172A9F570081E62C /* MObject.m */; };
		647A657F172ABB460081E62C /* MovobiTool.iconset in Resources */ = {isa = PBXBuildFile; fileRef = 647A657E172ABB460081E62C /* MovobiTool.iconset */; };
/* End PBXBuildFile section */

/* Begin PBXFileReference section */
		6463DD0E17170036005E224B /* movobi-tool.app */ = {isa = PBXFileReference; explicitFileType = wrapper.application; includeInIndex = 0; path = "movobi-tool.app"; sourceTree = BUILT_PRODUCTS_DIR; };
		6463DD1117170036005E224B /* Cocoa.framework */ = {isa = PBXFileReference; lastKnownFileType = wrapper.framework; name = Cocoa.framework; path = System/Library/Frameworks/Cocoa.framework; sourceTree = SDKROOT; };
		6463DD1417170036005E224B /* AppKit.framework */ = {isa = PBXFileReference; lastKnownFileType = wrapper.framework; name = AppKit.framework; path = System/Library/Frameworks/AppKit.framework; sourceTree = SDKROOT; };
		6463DD1517170036005E224B /* CoreData.framework */ = {isa = PBXFileReference; lastKnownFileType = wrapper.framework; name = CoreData.framework; path = System/Library/Frameworks/CoreData.framework; sourceTree = SDKROOT; };
		6463DD1617170036005E224B /* Foundation.framework */ = {isa = PBXFileReference; lastKnownFileType = wrapper.framework; name = Foundation.framework; path = System/Library/Frameworks/Foundation.framework; sourceTree = SDKROOT; };
		6463DD1917170036005E224B /* movobi-tool-Info.plist */ = {isa = PBXFileReference; lastKnownFileType = text.plist.xml; path = "movobi-tool-Info.plist"; sourceTree = "<group>"; };
		6463DD1B17170036005E224B /* en */ = {isa = PBXFileReference; lastKnownFileType = text.plist.strings; name = en; path = en.lproj/InfoPlist.strings; sourceTree = "<group>"; };
		6463DD1D17170036005E224B /* main.m */ = {isa = PBXFileReference; lastKnownFileType = sourcecode.c.objc; path = main.m; sourceTree = "<group>"; };
		6463DD1F17170036005E224B /* movobi-tool-Prefix.pch */ = {isa = PBXFileReference; lastKnownFileType = sourcecode.c.h; path = "movobi-tool-Prefix.pch"; sourceTree = "<group>"; };
		6463DD2117170036005E224B /* en */ = {isa = PBXFileReference; lastKnownFileType = text.rtf; name = en; path = en.lproj/Credits.rtf; sourceTree = "<group>"; };
		6463DD2317170036005E224B /* MovobiAppDelegate.h */ = {isa = PBXFileReference; lastKnownFileType = sourcecode.c.h; path = MovobiAppDelegate.h; sourceTree = "<group>"; };
		6463DD2417170036005E224B /* MovobiAppDelegate.m */ = {isa = PBXFileReference; lastKnownFileType = sourcecode.c.objc; path = MovobiAppDelegate.m; sourceTree = "<group>"; };
		6463DD2717170036005E224B /* en */ = {isa = PBXFileReference; lastKnownFileType = file.xib; name = en; path = en.lproj/MainMenu.xib; sourceTree = "<group>"; };
		6463DD41171705C3005E224B /* movobi.xcdatamodel */ = {isa = PBXFileReference; lastKnownFileType = wrapper.xcdatamodel; path = movobi.xcdatamodel; sourceTree = "<group>"; };
		6463DD4717170BB6005E224B /* MovobiImageTransformer.m */ = {isa = PBXFileReference; fileEncoding = 4; lastKnownFileType = sourcecode.c.objc; path = MovobiImageTransformer.m; sourceTree = "<group>"; };
		6463DD4C171726BA005E224B /* MovobiMasterViewController.h */ = {isa = PBXFileReference; fileEncoding = 4; lastKnownFileType = sourcecode.c.h; path = MovobiMasterViewController.h; sourceTree = "<group>"; };
		6463DD4D171726BA005E224B /* MovobiMasterViewController.m */ = {isa = PBXFileReference; fileEncoding = 4; lastKnownFileType = sourcecode.c.objc; path = MovobiMasterViewController.m; sourceTree = "<group>"; };
		6463DD4E171726BA005E224B /* MovobiMasterViewController.xib */ = {isa = PBXFileReference; fileEncoding = 4; lastKnownFileType = file.xib; path = MovobiMasterViewController.xib; sourceTree = "<group>"; };
		6463DD8317186AA6005E224B /* QuartzCore.framework */ = {isa = PBXFileReference; lastKnownFileType = wrapper.framework; name = QuartzCore.framework; path = System/Library/Frameworks/QuartzCore.framework; sourceTree = SDKROOT; };
		6463DD861718925C005E224B /* en */ = {isa = PBXFileReference; lastKnownFileType = image.png; name = en; path = en.lproj/cr.png; sourceTree = "<group>"; };
		64730B57171AE78F00B73566 /* NSNumberTransformer.m */ = {isa = PBXFileReference; fileEncoding = 4; lastKnownFileType = sourcecode.c.objc; path = NSNumberTransformer.m; sourceTree = "<group>"; };
		64730B63171B31BC00B73566 /* MovobiScreenImageView.h */ = {isa = PBXFileReference; fileEncoding = 4; lastKnownFileType = sourcecode.c.h; path = MovobiScreenImageView.h; sourceTree = "<group>"; };
		64730B64171B31BC00B73566 /* MovobiScreenImageView.m */ = {isa = PBXFileReference; fileEncoding = 4; lastKnownFileType = sourcecode.c.objc; path = MovobiScreenImageView.m; sourceTree = "<group>"; };
		647A6545172715830081E62C /* MOProp.h */ = {isa = PBXFileReference; fileEncoding = 4; lastKnownFileType = sourcecode.c.h; path = MOProp.h; sourceTree = "<group>"; };
		647A6546172715830081E62C /* MOProp.m */ = {isa = PBXFileReference; fileEncoding = 4; lastKnownFileType = sourcecode.c.objc; path = MOProp.m; sourceTree = "<group>"; };
		647A6557172882470081E62C /* NSPanelCanBecomeKey.h */ = {isa = PBXFileReference; fileEncoding = 4; lastKnownFileType = sourcecode.c.h; path = NSPanelCanBecomeKey.h; sourceTree = "<group>"; };
		647A6558172882470081E62C /* NSPanelCanBecomeKey.m */ = {isa = PBXFileReference; fileEncoding = 4; lastKnownFileType = sourcecode.c.objc; path = NSPanelCanBecomeKey.m; sourceTree = "<group>"; };
		647A655A1729C24C0081E62C /* Film.h */ = {isa = PBXFileReference; fileEncoding = 4; lastKnownFileType = sourcecode.c.h; path = Film.h; sourceTree = "<group>"; };
		647A655B1729C24C0081E62C /* Film.m */ = {isa = PBXFileReference; fileEncoding = 4; lastKnownFileType = sourcecode.c.objc; path = Film.m; sourceTree = "<group>"; };
		647A655D1729C2610081E62C /* MOActor.h */ = {isa = PBXFileReference; fileEncoding = 4; lastKnownFileType = sourcecode.c.h; path = MOActor.h; sourceTree = "<group>"; };
		647A655E1729C2620081E62C /* MOActor.m */ = {isa = PBXFileReference; fileEncoding = 4; lastKnownFileType = sourcecode.c.objc; path = MOActor.m; sourceTree = "<group>"; };
		647A65631729C27D0081E62C /* MOCharacter.h */ = {isa = PBXFileReference; fileEncoding = 4; lastKnownFileType = sourcecode.c.h; path = MOCharacter.h; sourceTree = "<group>"; };
		647A65641729C27E0081E62C /* MOCharacter.m */ = {isa = PBXFileReference; fileEncoding = 4; lastKnownFileType = sourcecode.c.objc; path = MOCharacter.m; sourceTree = "<group>"; };
		647A65661729C28C0081E62C /* MOLocation.h */ = {isa = PBXFileReference; fileEncoding = 4; lastKnownFileType = sourcecode.c.h; path = MOLocation.h; sourceTree = "<group>"; };
		647A65671729C28C0081E62C /* MOLocation.m */ = {isa = PBXFileReference; fileEncoding = 4; lastKnownFileType = sourcecode.c.objc; path = MOLocation.m; sourceTree = "<group>"; };
		647A65691729C29C0081E62C /* Screen.h */ = {isa = PBXFileReference; fileEncoding = 4; lastKnownFileType = sourcecode.c.h; path = Screen.h; sourceTree = "<group>"; };
		647A656A1729C29C0081E62C /* Screen.m */ = {isa = PBXFileReference; fileEncoding = 4; lastKnownFileType = sourcecode.c.objc; path = Screen.m; sourceTree = "<group>"; };
		647A656C1729C2AA0081E62C /* Tag.h */ = {isa = PBXFileReference; fileEncoding = 4; lastKnownFileType = sourcecode.c.h; path = Tag.h; sourceTree = "<group>"; };
		647A656D1729C2AA0081E62C /* Tag.m */ = {isa = PBXFileReference; fileEncoding = 4; lastKnownFileType = sourcecode.c.objc; path = Tag.m; sourceTree = "<group>"; };
		647A6575172A9F570081E62C /* MObject.h */ = {isa = PBXFileReference; fileEncoding = 4; lastKnownFileType = sourcecode.c.h; path = MObject.h; sourceTree = "<group>"; };
		647A6576172A9F570081E62C /* MObject.m */ = {isa = PBXFileReference; fileEncoding = 4; lastKnownFileType = sourcecode.c.objc; path = MObject.m; sourceTree = "<group>"; };
		647A657E172ABB460081E62C /* MovobiTool.iconset */ = {isa = PBXFileReference; lastKnownFileType = folder.iconset; path = MovobiTool.iconset; sourceTree = "<group>"; };
/* End PBXFileReference section */

/* Begin PBXFrameworksBuildPhase section */
		6463DD0B17170036005E224B /* Frameworks */ = {
			isa = PBXFrameworksBuildPhase;
			buildActionMask = 2147483647;
			files = (
				6463DD8417186AA6005E224B /* QuartzCore.framework in Frameworks */,
				6463DD1217170036005E224B /* Cocoa.framework in Frameworks */,
			);
			runOnlyForDeploymentPostprocessing = 0;
		};
/* End PBXFrameworksBuildPhase section */

/* Begin PBXGroup section */
		6463DD0517170035005E224B = {
			isa = PBXGroup;
			children = (
				6463DD8317186AA6005E224B /* QuartzCore.framework */,
				6463DD1717170036005E224B /* movobi-tool */,
				6463DD1017170036005E224B /* Frameworks */,
				6463DD0F17170036005E224B /* Products */,
			);
			sourceTree = "<group>";
		};
		6463DD0F17170036005E224B /* Products */ = {
			isa = PBXGroup;
			children = (
				6463DD0E17170036005E224B /* movobi-tool.app */,
			);
			name = Products;
			sourceTree = "<group>";
		};
		6463DD1017170036005E224B /* Frameworks */ = {
			isa = PBXGroup;
			children = (
				6463DD1117170036005E224B /* Cocoa.framework */,
				6463DD1317170036005E224B /* Other Frameworks */,
			);
			name = Frameworks;
			sourceTree = "<group>";
		};
		6463DD1317170036005E224B /* Other Frameworks */ = {
			isa = PBXGroup;
			children = (
				6463DD1417170036005E224B /* AppKit.framework */,
				6463DD1517170036005E224B /* CoreData.framework */,
				6463DD1617170036005E224B /* Foundation.framework */,
			);
			name = "Other Frameworks";
			sourceTree = "<group>";
		};
		6463DD1717170036005E224B /* movobi-tool */ = {
			isa = PBXGroup;
			children = (
				64CFE41C1725A64D00BFCEF6 /* XIBs */,
				64CFE41B1725A63000BFCEF6 /* Transformers */,
				64CFE41A1725A5E600BFCEF6 /* datamodel */,
				6463DD2317170036005E224B /* MovobiAppDelegate.h */,
				6463DD2417170036005E224B /* MovobiAppDelegate.m */,
				647A6557172882470081E62C /* NSPanelCanBecomeKey.h */,
				647A6558172882470081E62C /* NSPanelCanBecomeKey.m */,
				6463DD4C171726BA005E224B /* MovobiMasterViewController.h */,
				6463DD4D171726BA005E224B /* MovobiMasterViewController.m */,
				64730B63171B31BC00B73566 /* MovobiScreenImageView.h */,
				64730B64171B31BC00B73566 /* MovobiScreenImageView.m */,
				6463DD1817170036005E224B /* Supporting Files */,
			);
			path = "movobi-tool";
			sourceTree = "<group>";
		};
		6463DD1817170036005E224B /* Supporting Files */ = {
			isa = PBXGroup;
			children = (
				647A657E172ABB460081E62C /* MovobiTool.iconset */,
				6463DD851718925C005E224B /* cr.png */,
				6463DD1917170036005E224B /* movobi-tool-Info.plist */,
				6463DD1A17170036005E224B /* InfoPlist.strings */,
				6463DD1D17170036005E224B /* main.m */,
				6463DD1F17170036005E224B /* movobi-tool-Prefix.pch */,
				6463DD2017170036005E224B /* Credits.rtf */,
			);
			name = "Supporting Files";
			sourceTree = "<group>";
		};
		64CFE41A1725A5E600BFCEF6 /* datamodel */ = {
			isa = PBXGroup;
			children = (
				6463DD40171705C3005E224B /* Movobi.xcdatamodeld */,
				647A655A1729C24C0081E62C /* Film.h */,
				647A655B1729C24C0081E62C /* Film.m */,
				647A65691729C29C0081E62C /* Screen.h */,
				647A656A1729C29C0081E62C /* Screen.m */,
				647A656C1729C2AA0081E62C /* Tag.h */,
				647A656D1729C2AA0081E62C /* Tag.m */,
				647A6575172A9F570081E62C /* MObject.h */,
				647A6576172A9F570081E62C /* MObject.m */,
				647A65661729C28C0081E62C /* MOLocation.h */,
				647A65671729C28C0081E62C /* MOLocation.m */,
				647A65631729C27D0081E62C /* MOCharacter.h */,
				647A65641729C27E0081E62C /* MOCharacter.m */,
				647A655D1729C2610081E62C /* MOActor.h */,
				647A655E1729C2620081E62C /* MOActor.m */,
				647A6545172715830081E62C /* MOProp.h */,
				647A6546172715830081E62C /* MOProp.m */,
			);
			name = datamodel;
			sourceTree = "<group>";
		};
		64CFE41B1725A63000BFCEF6 /* Transformers */ = {
			isa = PBXGroup;
			children = (
				6463DD4717170BB6005E224B /* MovobiImageTransformer.m */,
				64730B57171AE78F00B73566 /* NSNumberTransformer.m */,
			);
			name = Transformers;
			sourceTree = "<group>";
		};
		64CFE41C1725A64D00BFCEF6 /* XIBs */ = {
			isa = PBXGroup;
			children = (
				6463DD4E171726BA005E224B /* MovobiMasterViewController.xib */,
				6463DD2617170036005E224B /* MainMenu.xib */,
			);
			name = XIBs;
			sourceTree = "<group>";
		};
/* End PBXGroup section */

/* Begin PBXNativeTarget section */
		6463DD0D17170036005E224B /* Movobi Tool */ = {
			isa = PBXNativeTarget;
			buildConfigurationList = 6463DD2E17170036005E224B /* Build configuration list for PBXNativeTarget "Movobi Tool" */;
			buildPhases = (
				6463DD0A17170036005E224B /* Sources */,
				6463DD0B17170036005E224B /* Frameworks */,
				6463DD0C17170036005E224B /* Resources */,
			);
			buildRules = (
			);
			dependencies = (
			);
			name = "Movobi Tool";
			productName = "movobi-tool";
			productReference = 6463DD0E17170036005E224B /* movobi-tool.app */;
			productType = "com.apple.product-type.application";
		};
/* End PBXNativeTarget section */

/* Begin PBXProject section */
		6463DD0617170035005E224B /* Project object */ = {
			isa = PBXProject;
			attributes = {
				CLASSPREFIX = Movobi;
				LastUpgradeCheck = 0460;
				ORGANIZATIONNAME = "Movobi Ltd";
			};
			buildConfigurationList = 6463DD0917170035005E224B /* Build configuration list for PBXProject "movobi-tool" */;
			compatibilityVersion = "Xcode 3.2";
			developmentRegion = English;
			hasScannedForEncodings = 0;
			knownRegions = (
				en,
			);
			mainGroup = 6463DD0517170035005E224B;
			productRefGroup = 6463DD0F17170036005E224B /* Products */;
			projectDirPath = "";
			projectRoot = "";
			targets = (
				6463DD0D17170036005E224B /* Movobi Tool */,
			);
		};
/* End PBXProject section */

/* Begin PBXResourcesBuildPhase section */
		6463DD0C17170036005E224B /* Resources */ = {
			isa = PBXResourcesBuildPhase;
			buildActionMask = 2147483647;
			files = (
				6463DD1C17170036005E224B /* InfoPlist.strings in Resources */,
				6463DD2217170036005E224B /* Credits.rtf in Resources */,
				6463DD2817170036005E224B /* MainMenu.xib in Resources */,
				6463DD50171726BA005E224B /* MovobiMasterViewController.xib in Resources */,
				6463DD871718925C005E224B /* cr.png in Resources */,
				647A657F172ABB460081E62C /* MovobiTool.iconset in Resources */,
			);
			runOnlyForDeploymentPostprocessing = 0;
		};
/* End PBXResourcesBuildPhase section */

/* Begin PBXSourcesBuildPhase section */
		6463DD0A17170036005E224B /* Sources */ = {
			isa = PBXSourcesBuildPhase;
			buildActionMask = 2147483647;
			files = (
				6463DD1E17170036005E224B /* main.m in Sources */,
				6463DD2517170036005E224B /* MovobiAppDelegate.m in Sources */,
				6463DD42171705C3005E224B /* Movobi.xcdatamodeld in Sources */,
				6463DD4817170BB6005E224B /* MovobiImageTransformer.m in Sources */,
				6463DD4F171726BA005E224B /* MovobiMasterViewController.m in Sources */,
				64730B58171AE78F00B73566 /* NSNumberTransformer.m in Sources */,
				64730B65171B31BC00B73566 /* MovobiScreenImageView.m in Sources */,
				647A6547172715830081E62C /* MOProp.m in Sources */,
				647A6559172882470081E62C /* NSPanelCanBecomeKey.m in Sources */,
				647A655C1729C24C0081E62C /* Film.m in Sources */,
				647A655F1729C2620081E62C /* MOActor.m in Sources */,
				647A65651729C27F0081E62C /* MOCharacter.m in Sources */,
				647A65681729C28C0081E62C /* MOLocation.m in Sources */,
				647A656B1729C29D0081E62C /* Screen.m in Sources */,
				647A656E1729C2AA0081E62C /* Tag.m in Sources */,
				647A6577172A9F570081E62C /* MObject.m in Sources */,
			);
			runOnlyForDeploymentPostprocessing = 0;
		};
/* End PBXSourcesBuildPhase section */

/* Begin PBXVariantGroup section */
		6463DD1A17170036005E224B /* InfoPlist.strings */ = {
			isa = PBXVariantGroup;
			children = (
				6463DD1B17170036005E224B /* en */,
			);
			name = InfoPlist.strings;
			sourceTree = "<group>";
		};
		6463DD2017170036005E224B /* Credits.rtf */ = {
			isa = PBXVariantGroup;
			children = (
				6463DD2117170036005E224B /* en */,
			);
			name = Credits.rtf;
			sourceTree = "<group>";
		};
		6463DD2617170036005E224B /* MainMenu.xib */ = {
			isa = PBXVariantGroup;
			children = (
				6463DD2717170036005E224B /* en */,
			);
			name = MainMenu.xib;
			sourceTree = "<group>";
		};
		6463DD851718925C005E224B /* cr.png */ = {
			isa = PBXVariantGroup;
			children = (
				6463DD861718925C005E224B /* en */,
			);
			name = cr.png;
			sourceTree = "<group>";
		};
/* End PBXVariantGroup section */

/* Begin XCBuildConfiguration section */
		6463DD2C17170036005E224B /* Debug */ = {
			isa = XCBuildConfiguration;
			buildSettings = {
				ALWAYS_SEARCH_USER_PATHS = NO;
				ARCHS = "$(ARCHS_STANDARD_64_BIT)";
				CLANG_CXX_LANGUAGE_STANDARD = "gnu++0x";
				CLANG_CXX_LIBRARY = "libc++";
				CLANG_ENABLE_OBJC_ARC = YES;
				CLANG_WARN_CONSTANT_CONVERSION = YES;
				CLANG_WARN_EMPTY_BODY = YES;
				CLANG_WARN_ENUM_CONVERSION = YES;
				CLANG_WARN_INT_CONVERSION = YES;
				CLANG_WARN__DUPLICATE_METHOD_MATCH = YES;
				COPY_PHASE_STRIP = NO;
				GCC_C_LANGUAGE_STANDARD = gnu99;
				GCC_DYNAMIC_NO_PIC = NO;
				GCC_ENABLE_OBJC_EXCEPTIONS = YES;
				GCC_OPTIMIZATION_LEVEL = 0;
				GCC_PREPROCESSOR_DEFINITIONS = (
					"DEBUG=1",
					"$(inherited)",
				);
				GCC_SYMBOLS_PRIVATE_EXTERN = NO;
				GCC_WARN_64_TO_32_BIT_CONVERSION = YES;
				GCC_WARN_ABOUT_RETURN_TYPE = YES;
				GCC_WARN_UNINITIALIZED_AUTOS = YES;
				GCC_WARN_UNUSED_VARIABLE = YES;
				MACOSX_DEPLOYMENT_TARGET = "";
				ONLY_ACTIVE_ARCH = YES;
				SDKROOT = macosx;
			};
			name = Debug;
		};
		6463DD2D17170036005E224B /* Release */ = {
			isa = XCBuildConfiguration;
			buildSettings = {
				ALWAYS_SEARCH_USER_PATHS = NO;
				ARCHS = "$(ARCHS_STANDARD_64_BIT)";
				CLANG_CXX_LANGUAGE_STANDARD = "gnu++0x";
				CLANG_CXX_LIBRARY = "libc++";
				CLANG_ENABLE_OBJC_ARC = YES;
				CLANG_WARN_CONSTANT_CONVERSION = YES;
				CLANG_WARN_EMPTY_BODY = YES;
				CLANG_WARN_ENUM_CONVERSION = YES;
				CLANG_WARN_INT_CONVERSION = YES;
				CLANG_WARN__DUPLICATE_METHOD_MATCH = YES;
				COPY_PHASE_STRIP = YES;
				DEBUG_INFORMATION_FORMAT = "dwarf-with-dsym";
				GCC_C_LANGUAGE_STANDARD = gnu99;
				GCC_ENABLE_OBJC_EXCEPTIONS = YES;
				GCC_WARN_64_TO_32_BIT_CONVERSION = YES;
				GCC_WARN_ABOUT_RETURN_TYPE = YES;
				GCC_WARN_UNINITIALIZED_AUTOS = YES;
				GCC_WARN_UNUSED_VARIABLE = YES;
				MACOSX_DEPLOYMENT_TARGET = "";
				SDKROOT = macosx;
			};
			name = Release;
		};
		6463DD2F17170036005E224B /* Debug */ = {
			isa = XCBuildConfiguration;
			buildSettings = {
				COMBINE_HIDPI_IMAGES = YES;
				GCC_PRECOMPILE_PREFIX_HEADER = YES;
				GCC_PREFIX_HEADER = "movobi-tool/movobi-tool-Prefix.pch";
				INFOPLIST_FILE = "movobi-tool/movobi-tool-Info.plist";
				PRODUCT_NAME = "$(TARGET_NAME)";
				WRAPPER_EXTENSION = app;
			};
			name = Debug;
		};
		6463DD3017170036005E224B /* Release */ = {
			isa = XCBuildConfiguration;
			buildSettings = {
				COMBINE_HIDPI_IMAGES = YES;
				GCC_PRECOMPILE_PREFIX_HEADER = YES;
				GCC_PREFIX_HEADER = "movobi-tool/movobi-tool-Prefix.pch";
				INFOPLIST_FILE = "movobi-tool/movobi-tool-Info.plist";
				PRODUCT_NAME = "$(TARGET_NAME)";
				WRAPPER_EXTENSION = app;
			};
			name = Release;
		};
/* End XCBuildConfiguration section */

/* Begin XCConfigurationList section */
		6463DD0917170035005E224B /* Build configuration list for PBXProject "movobi-tool" */ = {
			isa = XCConfigurationList;
			buildConfigurations = (
				6463DD2C17170036005E224B /* Debug */,
				6463DD2D17170036005E224B /* Release */,
			);
			defaultConfigurationIsVisible = 0;
			defaultConfigurationName = Release;
		};
		6463DD2E17170036005E224B /* Build configuration list for PBXNativeTarget "Movobi Tool" */ = {
			isa = XCConfigurationList;
			buildConfigurations = (
				6463DD2F17170036005E224B /* Debug */,
				6463DD3017170036005E224B /* Release */,
			);
			defaultConfigurationIsVisible = 0;
			defaultConfigurationName = Release;
		};
/* End XCConfigurationList section */

/* Begin XCVersionGroup section */
		6463DD40171705C3005E224B /* Movobi.xcdatamodeld */ = {
			isa = XCVersionGroup;
			children = (
				6463DD41171705C3005E224B /* movobi.xcdatamodel */,
			);
			currentVersion = 6463DD41171705C3005E224B /* movobi.xcdatamodel */;
			path = Movobi.xcdatamodeld;
			sourceTree = "<group>";
			versionGroupType = wrapper.xcdatamodel;
		};
/* End XCVersionGroup section */
	};
	rootObject = 6463DD0617170035005E224B /* Project object */;
}
